{
  "version": "4",
  "specifiers": {
    "npm:create-next-app@latest": "14.2.15"
  },
  "npm": {
    "create-next-app@14.2.15": {
      "integrity": "sha512-MAeeAk107mrLmGfaLymL2X9rGjD+ZXsczcu7wb78BULZgWI4U4dc2QGYdk6LckD+dew+TVQHcZ6qd1tJsfgK4Q=="
    }
  },
  "workspace": {
    "dependencies": [
      "jsr:@std/assert@1"
    ]
  }
}
